
Microsoft Visual Studio Solution File, Format Version 12.00
# Visual Studio 15
VisualStudioVersion = 15.0.27703.2035
MinimumVisualStudioVersion = 10.0.40219.1
Project("{FAE04EC0-301F-11D3-BF4B-00C04F79EFBC}") = "NotiSharp", "NotiSharp.csproj", "{8D2F2B75-D36D-46C0-927F-3B38FF05FE6F}"
EndProject
Global
	GlobalSection(SolutionConfigurationPlatforms) = preSolution
		Debug|Any CPU = Debug|Any CPU
		Release|Any CPU = Release|Any CPU
	EndGlobalSection
	GlobalSection(ProjectConfigurationPlatforms) = postSolution
		{8D2F2B75-D36D-46C0-927F-3B38FF05FE6F}.Debug|Any CPU.ActiveCfg = Debug|Any CPU
		{8D2F2B75-D36D-46C0-927F-3B38FF05FE6F}.Debug|Any CPU.Build.0 = Debug|Any CPU
		{8D2F2B75-D36D-46C0-927F-3B38FF05FE6F}.Release|Any CPU.ActiveCfg = Release|Any CPU
		{8D2F2B75-D36D-46C0-927F-3B38FF05FE6F}.Release|Any CPU.Build.0 = Release|Any CPU
	EndGlobalSection
	GlobalSection(SolutionProperties) = preSolution
		HideSolutionNode = FALSE
	EndGlobalSection
	GlobalSection(ExtensibilityGlobals) = postSolution
		SolutionGuid = {1E890E27-82F3-4194-A51F-2DFAA2688A6F}
	EndGlobalSection
EndGlobal
